<?xml version="1.0" encoding="utf-8"?>
<Project ToolsVersion="4.0" xmlns="http://schemas.microsoft.com/developer/msbuild/2003">
  <ItemGroup>
    <Filter Include="Source Files">
      <UniqueIdentifier>{4FC737F1-C7A5-4376-A066-2A32D752A2FF}</UniqueIdentifier>
      <Extensions>cpp;c;cc;cxx;def;odl;idl;hpj;bat;asm;asmx</Extensions>
    </Filter>
    <Filter Include="Header Files">
      <UniqueIdentifier>{93995380-89BD-4b04-88EB-625FBE52EBFB}</UniqueIdentifier>
      <Extensions>h;hh;hpp;hxx;hm;inl;inc;xsd</Extensions>
    </Filter>
    <Filter Include="Resource Files">
      <UniqueIdentifier>{67DA6AB6-F800-4c08-8B7A-83BB121AAD01}</UniqueIdentifier>
      <Extensions>rc;ico;cur;bmp;dlg;rc2;rct;bin;rgs;gif;jpg;jpeg;jpe;resx;tiff;tif;png;wav</Extensions>
    </Filter>
    <Filter Include="Source Files\FuzzyHasher">
      <UniqueIdentifier>{A1B2C3D4-E5F6-7890-ABCD-EF1234567890}</UniqueIdentifier>
    </Filter>
    <Filter Include="Header Files\FuzzyHasher">
      <UniqueIdentifier>{B2C3D4E5-F6A7-8901-BCDE-F12345678901}</UniqueIdentifier>
    </Filter>
  </ItemGroup>
  <ItemGroup>
    <ClCompile Include="src\Main.cpp">
      <Filter>Source Files</Filter>
    </ClCompile>
    <ClCompile Include="src\pch.cpp">
      <Filter>Source Files</Filter>
    </ClCompile>
    <ClCompile Include="src\Drivers\FilterCommunication.cpp">
      <Filter>Source Files</Filter>
    </ClCompile>
    <ClCompile Include="src\Drivers\FileFilterCallbacks.cpp">
      <Filter>Source Files</Filter>
    </ClCompile>
    <ClCompile Include="src\Drivers\ProcessFilterCallbacks.cpp">
      <Filter>Source Files</Filter>
    </ClCompile>
    <ClCompile Include="src\Drivers\RegistryFilterCallbacks.cpp">
      <Filter>Source Files</Filter>
    </ClCompile>
    <ClCompile Include="src\Shared_modules\AntiEvasion\DebuggerEvasionDetector.cpp">
      <Filter>Source Files</Filter>
    </ClCompile>
    <ClCompile Include="src\Shared_modules\AntiEvasion\EnvironmentEvasionDetector.cpp">
      <Filter>Source Files</Filter>
    </ClCompile>
    <ClCompile Include="src\Shared_modules\AntiEvasion\metamorphic_polymorphicdetector.cpp">
      <Filter>Source Files</Filter>
    </ClCompile>
    <ClCompile Include="src\Shared_modules\AntiEvasion\NetworkBasedEvasionDetector.cpp">
      <Filter>Source Files</Filter>
    </ClCompile>
    <ClCompile Include="src\Shared_modules\AntiEvasion\PackerDetector.cpp">
      <Filter>Source Files</Filter>
    </ClCompile>
    <ClCompile Include="src\Shared_modules\AntiEvasion\ProcessEvasionDetector.cpp">
      <Filter>Source Files</Filter>
    </ClCompile>
    <ClCompile Include="src\Shared_modules\AntiEvasion\SandboxEvasionDetector.cpp">
      <Filter>Source Files</Filter>
    </ClCompile>
    <ClCompile Include="src\Shared_modules\AntiEvasion\TimeBasedEvasionDetector.cpp">
      <Filter>Source Files</Filter>
    </ClCompile>
    <ClCompile Include="src\Shared_modules\AntiEvasion\VMEvasionDetector.cpp">
      <Filter>Source Files</Filter>
    </ClCompile>
    <ClCompile Include="src\Products\PhantomHome\Backup\BackupManager.cpp">
      <Filter>Source Files</Filter>
    </ClCompile>
    <ClCompile Include="src\Products\PhantomHome\Backup\BackupScheduler.cpp">
      <Filter>Source Files</Filter>
    </ClCompile>
    <ClCompile Include="src\Products\PhantomHome\Backup\IncrementalBackup.cpp">
      <Filter>Source Files</Filter>
    </ClCompile>
    <ClCompile Include="src\Products\PhantomHome\Backup\RestoreManager.cpp">
      <Filter>Source Files</Filter>
    </ClCompile>
    <ClCompile Include="src\Products\PhantomHome\Banking\BankingTrojanDetector.cpp">
      <Filter>Source Files</Filter>
    </ClCompile>
    <ClCompile Include="src\Products\PhantomHome\Banking\CertificatePinning.cpp">
      <Filter>Source Files</Filter>
    </ClCompile>
    <ClCompile Include="src\Products\PhantomHome\Banking\KeyloggerProtection.cpp">
      <Filter>Source Files</Filter>
    </ClCompile>
    <ClCompile Include="src\Products\PhantomHome\Banking\ScreenshotBlocker.cpp">
      <Filter>Source Files</Filter>
    </ClCompile>
    <ClCompile Include="src\Products\PhantomHome\Banking\SecureBrowser.cpp">
      <Filter>Source Files</Filter>
    </ClCompile>
    <ClCompile Include="src\Products\PhantomHome\Banking\TransactionMonitor.cpp">
      <Filter>Source Files</Filter>
    </ClCompile>
    <ClCompile Include="src\Shared_modules\Communication\AlertSystem.cpp">
      <Filter>Source Files</Filter>
    </ClCompile>
    <ClCompile Include="src\Shared_modules\Communication\IPCManager.cpp">
      <Filter>Source Files</Filter>
    </ClCompile>
    <ClCompile Include="src\Shared_modules\Communication\NotificationManager.cpp">
      <Filter>Source Files</Filter>
    </ClCompile>
    <ClCompile Include="src\Shared_modules\Communication\ReportGenerator.cpp">
      <Filter>Source Files</Filter>
    </ClCompile>
    <ClCompile Include="src\Shared_modules\Communication\ServiceCommunication.cpp">
      <Filter>Source Files</Filter>
    </ClCompile>
    <ClCompile Include="src\Shared_modules\Communication\TelemetryCollector.cpp">
      <Filter>Source Files</Filter>
    </ClCompile>
    <ClCompile Include="src\Shared_modules\Config\ConfigManager.cpp">
      <Filter>Source Files</Filter>
    </ClCompile>
    <ClCompile Include="src\Shared_modules\Config\PolicyManager.cpp">
      <Filter>Source Files</Filter>
    </ClCompile>
    <ClCompile Include="src\Shared_modules\Config\ProfileManager.cpp">
      <Filter>Source Files</Filter>
    </ClCompile>
    <ClCompile Include="src\Shared_modules\Config\SettingsManager.cpp">
      <Filter>Source Files</Filter>
    </ClCompile>
    <ClCompile Include="src\Shared_modules\Core\Engine\BehaviorAnalyzer.cpp">
      <Filter>Source Files</Filter>
    </ClCompile>
    <ClCompile Include="src\Shared_modules\Core\Engine\EmulationEngine.cpp">
      <Filter>Source Files</Filter>
    </ClCompile>
    <ClCompile Include="src\Shared_modules\Core\Engine\HeuristicAnalyzer.cpp">
      <Filter>Source Files</Filter>
    </ClCompile>
    <ClCompile Include="src\Shared_modules\Core\Engine\MachineLearningDetector.cpp">
      <Filter>Source Files</Filter>
    </ClCompile>
    <ClCompile Include="src\Shared_modules\Core\Engine\PackerUnpacker.cpp">
      <Filter>Source Files</Filter>
    </ClCompile>
    <ClCompile Include="src\Shared_modules\Core\Engine\PolymorphicDetector.cpp">
      <Filter>Source Files</Filter>
    </ClCompile>
    <ClCompile Include="src\Shared_modules\Core\Engine\QuarantineManager.cpp">
      <Filter>Source Files</Filter>
    </ClCompile>
    <ClCompile Include="src\Shared_modules\Core\Engine\SandboxAnalyzer.cpp">
      <Filter>Source Files</Filter>
    </ClCompile>
    <ClCompile Include="src\Shared_modules\Core\Engine\ScanEngine.cpp">
      <Filter>Source Files</Filter>
    </ClCompile>
    <ClCompile Include="src\Shared_modules\Core\Engine\SignatureDatabase_Manager.cpp">
      <Filter>Source Files</Filter>
    </ClCompile>
    <ClCompile Include="src\Shared_modules\Core\Engine\ThreatDetector.cpp">
      <Filter>Source Files</Filter>
    </ClCompile>
    <ClCompile Include="src\Shared_modules\Core\Engine\ZeroDayDetector.cpp">
      <Filter>Source Files</Filter>
    </ClCompile>
    <ClCompile Include="src\Shared_modules\Core\FileSystem\ArchiveExtractor.cpp">
      <Filter>Source Files</Filter>
    </ClCompile>
    <ClCompile Include="src\Shared_modules\Core\FileSystem\DirectoryMonitor.cpp">
      <Filter>Source Files</Filter>
    </ClCompile>
    <ClCompile Include="src\Shared_modules\Core\FileSystem\DocumentScanner.cpp">
      <Filter>Source Files</Filter>
    </ClCompile>
    <ClCompile Include="src\Shared_modules\Core\FileSystem\ExecutableAnalyzer.cpp">
      <Filter>Source Files</Filter>
    </ClCompile>
    <ClCompile Include="src\Shared_modules\Core\FileSystem\FileHasher.cpp">
      <Filter>Source Files</Filter>
    </ClCompile>
    <ClCompile Include="src\Shared_modules\Core\FileSystem\FileLockManager.cpp">
      <Filter>Source Files</Filter>
    </ClCompile>
    <ClCompile Include="src\Shared_modules\Core\FileSystem\FileReputation.cpp">
      <Filter>Source Files</Filter>
    </ClCompile>
    <ClCompile Include="src\Shared_modules\Core\FileSystem\FileTypeAnalyzer.cpp">
      <Filter>Source Files</Filter>
    </ClCompile>
    <ClCompile Include="src\Shared_modules\Core\FileSystem\FileWatcher.cpp">
      <Filter>Source Files</Filter>
    </ClCompile>
    <ClCompile Include="src\Shared_modules\Core\FileSystem\MediaFileScanner.cpp">
      <Filter>Source Files</Filter>
    </ClCompile>
    <ClCompile Include="src\Shared_modules\Core\FileSystem\MountPointMonitor.cpp">
      <Filter>Source Files</Filter>
    </ClCompile>
    <ClCompile Include="src\Shared_modules\Core\Network\BotnetDetector.cpp">
      <Filter>Source Files</Filter>
    </ClCompile>
    <ClCompile Include="src\Shared_modules\Core\Network\DDosProtection.cpp">
      <Filter>Source Files</Filter>
    </ClCompile>
    <ClCompile Include="src\Shared_modules\Core\Network\DNSMonitor.cpp">
      <Filter>Source Files</Filter>
    </ClCompile>
    <ClCompile Include="src\Shared_modules\Core\Network\EmailScanner.cpp">
      <Filter>Source Files</Filter>
    </ClCompile>
    <ClCompile Include="src\Shared_modules\Core\Network\FirewallManager.cpp">
      <Filter>Source Files</Filter>
    </ClCompile>
    <ClCompile Include="src\Shared_modules\Core\Network\NetworkMonitor.cpp">
      <Filter>Source Files</Filter>
    </ClCompile>
    <ClCompile Include="src\Shared_modules\Core\Network\P2PMonitor.cpp">
      <Filter>Source Files</Filter>
    </ClCompile>
    <ClCompile Include="src\Shared_modules\Core\Network\TorDetector.cpp">
      <Filter>Source Files</Filter>
    </ClCompile>
    <ClCompile Include="src\Shared_modules\Core\Network\TrafficAnalyzer.cpp">
      <Filter>Source Files</Filter>
    </ClCompile>
    <ClCompile Include="src\Shared_modules\Core\Network\URLAnalyzer.cpp">
      <Filter>Source Files</Filter>
    </ClCompile>
    <ClCompile Include="src\Shared_modules\Core\Network\VPNDetector.cpp">
      <Filter>Source Files</Filter>
    </ClCompile>
    <ClCompile Include="src\Shared_modules\Core\Network\WebProtection.cpp">
      <Filter>Source Files</Filter>
    </ClCompile>
    <ClCompile Include="src\Shared_modules\Core\Process\AtomBombingDetector.cpp">
      <Filter>Source Files</Filter>
    </ClCompile>
    <ClCompile Include="src\Shared_modules\Core\Process\DLLInjectionDetector.cpp">
      <Filter>Source Files</Filter>
    </ClCompile>
    <ClCompile Include="src\Shared_modules\Core\Process\MemoryScanner.cpp">
      <Filter>Source Files</Filter>
    </ClCompile>
    <ClCompile Include="src\Shared_modules\Core\Process\ProcessAnalyzer.cpp">
      <Filter>Source Files</Filter>
    </ClCompile>
    <ClCompile Include="src\Shared_modules\Core\Process\ProcessHollowingDetector.cpp">
      <Filter>Source Files</Filter>
    </ClCompile>
    <ClCompile Include="src\Shared_modules\Core\Process\ProcessInjectionDetector.cpp">
      <Filter>Source Files</Filter>
    </ClCompile>
    <ClCompile Include="src\Shared_modules\Core\Process\ProcessKiller.cpp">
      <Filter>Source Files</Filter>
    </ClCompile>
    <ClCompile Include="src\Shared_modules\Core\Process\ProcessMonitor.cpp">
      <Filter>Source Files</Filter>
    </ClCompile>
    <ClCompile Include="src\Shared_modules\Core\Process\ReflectiveDLLDetector.cpp">
      <Filter>Source Files</Filter>
    </ClCompile>
    <ClCompile Include="src\Shared_modules\Core\Process\ThreadHijackDetector.cpp">
      <Filter>Source Files</Filter>
    </ClCompile>
    <ClCompile Include="src\Shared_modules\Core\Registry\PersistenceDetector.cpp">
      <Filter>Source Files</Filter>
    </ClCompile>
    <ClCompile Include="src\Shared_modules\Core\Registry\RegistryAnalyzer.cpp">
      <Filter>Source Files</Filter>
    </ClCompile>
    <ClCompile Include="src\Shared_modules\Core\Registry\RegistryMonitor.cpp">
      <Filter>Source Files</Filter>
    </ClCompile>
    <ClCompile Include="src\Shared_modules\Core\Registry\StartupAnalyzer.cpp">
      <Filter>Source Files</Filter>
    </ClCompile>
    <ClCompile Include="src\Shared_modules\Core\Registry\SystemSettingsMonitor.cpp">
      <Filter>Source Files</Filter>
    </ClCompile>
    <ClCompile Include="src\Shared_modules\Core\System\BootTimeAnalyzer.cpp">
      <Filter>Source Files</Filter>
    </ClCompile>
    <ClCompile Include="src\Shared_modules\Core\System\CrashHandler.cpp">
      <Filter>Source Files</Filter>
    </ClCompile>
    <ClCompile Include="src\Shared_modules\Core\System\DriverAnalyzer.cpp">
      <Filter>Source Files</Filter>
    </ClCompile>
    <ClCompile Include="src\Shared_modules\Core\System\EventLogger.cpp">
      <Filter>Source Files</Filter>
    </ClCompile>
    <ClCompile Include="src\Shared_modules\Core\System\HardwareMonitor.cpp">
      <Filter>Source Files</Filter>
    </ClCompile>
    <ClCompile Include="src\Shared_modules\Core\System\PerformanceMonitor.cpp">
      <Filter>Source Files</Filter>
    </ClCompile>
    <ClCompile Include="src\Shared_modules\Core\System\ServiceManager.cpp">
      <Filter>Source Files</Filter>
    </ClCompile>
    <ClCompile Include="src\Shared_modules\Core\System\SystemInfo.cpp">
      <Filter>Source Files</Filter>
    </ClCompile>
    <ClCompile Include="src\Products\PhantomHome\CryptoMinersProtection\BrowserMinerDetector.cpp">
      <Filter>Source Files</Filter>
    </ClCompile>
    <ClCompile Include="src\Products\PhantomHome\CryptoMinersProtection\CPUUsageAnalyzer.cpp">
      <Filter>Source Files</Filter>
    </ClCompile>
    <ClCompile Include="src\Products\PhantomHome\CryptoMinersProtection\CryptoMinerDetector.cpp">
      <Filter>Source Files</Filter>
    </ClCompile>
    <ClCompile Include="src\Products\PhantomHome\CryptoMinersProtection\GPUMiningDetector.cpp">
      <Filter>Source Files</Filter>
    </ClCompile>
    <ClCompile Include="src\Products\PhantomHome\CryptoMinersProtection\PoolConnectionDetector.cpp">
      <Filter>Source Files</Filter>
    </ClCompile>
    <ClCompile Include="src\Shared_modules\Database\ConfigurationDB.cpp">
      <Filter>Source Files</Filter>
    </ClCompile>
    <ClCompile Include="src\Shared_modules\Database\DatabaseManager.cpp">
      <Filter>Source Files</Filter>
    </ClCompile>
    <ClCompile Include="src\Shared_modules\Database\LogDB.cpp">
      <Filter>Source Files</Filter>
    </ClCompile>
    <ClCompile Include="src\Shared_modules\Database\QuarantineDB.cpp">
      <Filter>Source Files</Filter>
    </ClCompile>
    <ClCompile Include="src\Products\PhantomHome\Email\AttachmentScanner.cpp">
      <Filter>Source Files</Filter>
    </ClCompile>
    <ClCompile Include="src\Products\PhantomHome\Email\EmailProtection.cpp">
      <Filter>Source Files</Filter>
    </ClCompile>
    <ClCompile Include="src\Products\PhantomHome\Email\OutlookScanner.cpp">
      <Filter>Source Files</Filter>
    </ClCompile>
    <ClCompile Include="src\Products\PhantomHome\Email\PhishingEmailDetector.cpp">
      <Filter>Source Files</Filter>
    </ClCompile>
    <ClCompile Include="src\Products\PhantomHome\Email\SpamDetector.cpp">
      <Filter>Source Files</Filter>
    </ClCompile>
    <ClCompile Include="src\Products\PhantomHome\Email\ThunderbirdScanner.cpp">
      <Filter>Source Files</Filter>
    </ClCompile>
    <ClCompile Include="src\Shared_modules\Exploits\BufferOverflowProtection.cpp">
      <Filter>Source Files</Filter>
    </ClCompile>
    <ClCompile Include="src\Shared_modules\Exploits\HeapSprayDetector.cpp">
      <Filter>Source Files</Filter>
    </ClCompile>
    <ClCompile Include="src\Shared_modules\Exploits\JITSprayDetector.cpp">
      <Filter>Source Files</Filter>
    </ClCompile>
    <ClCompile Include="src\Shared_modules\Exploits\KernelExploitDetector.cpp">
      <Filter>Source Files</Filter>
    </ClCompile>
    <ClCompile Include="src\Shared_modules\Exploits\PrivilegeEscalationDetector.cpp">
      <Filter>Source Files</Filter>
    </ClCompile>
    <ClCompile Include="src\Shared_modules\Exploits\ROPProtection.cpp">
      <Filter>Source Files</Filter>
    </ClCompile>
    <ClCompile Include="src\Shared_modules\Exploits\StackPivotDetector.cpp">
      <Filter>Source Files</Filter>
    </ClCompile>
    <ClCompile Include="src\Shared_modules\External\pugixml\pugixml.cpp">
      <Filter>Source Files</Filter>
    </ClCompile>
    <ClCompile Include="src\Shared_modules\External\sqlitecpp\Backup.cpp">
      <Filter>Source Files</Filter>
    </ClCompile>
    <ClCompile Include="src\Shared_modules\External\sqlitecpp\Column.cpp">
      <Filter>Source Files</Filter>
    </ClCompile>
    <ClCompile Include="src\Shared_modules\External\sqlitecpp\Database.cpp">
      <Filter>Source Files</Filter>
    </ClCompile>
    <ClCompile Include="src\Shared_modules\External\sqlitecpp\Exception.cpp">
      <Filter>Source Files</Filter>
    </ClCompile>
    <ClCompile Include="src\Shared_modules\External\sqlitecpp\Savepoint.cpp">
      <Filter>Source Files</Filter>
    </ClCompile>
    <ClCompile Include="src\Shared_modules\External\sqlitecpp\sqlite3.c">
      <Filter>Source Files</Filter>
    </ClCompile>
    <ClCompile Include="src\Shared_modules\External\sqlitecpp\Statement.cpp">
      <Filter>Source Files</Filter>
    </ClCompile>
    <ClCompile Include="src\Shared_modules\External\sqlitecpp\Transaction.cpp">
      <Filter>Source Files</Filter>
    </ClCompile>
    <ClCompile Include="src\Shared_modules\FuzzyHasher\FuzzyHasher.cpp">
      <Filter>Source Files</Filter>
    </ClCompile>
    <ClCompile Include="src\Shared_modules\FuzzyHasher\DigestGenerator.cpp">
      <Filter>Source Files</Filter>
    </ClCompile>
    <ClCompile Include="src\Shared_modules\FuzzyHasher\DigestComparer.cpp">
      <Filter>Source Files</Filter>
    </ClCompile>
    <ClCompile Include="src\Shared_modules\External\tlsh\input_desc.cpp">
      <Filter>Source Files</Filter>
    </ClCompile>
    <ClCompile Include="src\Shared_modules\External\tlsh\shared_file_functions.cpp">
      <Filter>Source Files</Filter>
    </ClCompile>
    <ClCompile Include="src\Shared_modules\External\tlsh\tlsh.cpp">
      <Filter>Source Files</Filter>
    </ClCompile>
    <ClCompile Include="src\Shared_modules\External\tlsh\tlsh_impl.cpp">
      <Filter>Source Files</Filter>
    </ClCompile>
    <ClCompile Include="src\Shared_modules\External\tlsh\tlsh_util.cpp">
      <Filter>Source Files</Filter>
    </ClCompile>
    <ClCompile Include="src\Products\PhantomEDR\Forensics\ArtifactExtractor.cpp">
      <Filter>Source Files</Filter>
    </ClCompile>
    <ClCompile Include="src\Products\PhantomEDR\Forensics\EvidenceCollector.cpp">
      <Filter>Source Files</Filter>
    </ClCompile>
    <ClCompile Include="src\Products\PhantomEDR\Forensics\IncidentRecorder.cpp">
      <Filter>Source Files</Filter>
    </ClCompile>
    <ClCompile Include="src\Products\PhantomEDR\Forensics\MemoryDumper.cpp">
      <Filter>Source Files</Filter>
    </ClCompile>
    <ClCompile Include="src\Products\PhantomEDR\Forensics\NetworkCapture.cpp">
      <Filter>Source Files</Filter>
    </ClCompile>
    <ClCompile Include="src\Products\PhantomEDR\Forensics\TimelineAnalyzer.cpp">
      <Filter>Source Files</Filter>
    </ClCompile>
    <ClCompile Include="src\Products\PhantomHome\GameMode\GameCheatDetector.cpp">
      <Filter>Source Files</Filter>
    </ClCompile>
    <ClCompile Include="src\Products\PhantomHome\GameMode\GameModeManager.cpp">
      <Filter>Source Files</Filter>
    </ClCompile>
    <ClCompile Include="src\Products\PhantomHome\GameMode\GameProcessDetector.cpp">
      <Filter>Source Files</Filter>
    </ClCompile>
    <ClCompile Include="src\Products\PhantomHome\GameMode\OverlayProtection.cpp">
      <Filter>Source Files</Filter>
    </ClCompile>
    <ClCompile Include="src\Products\PhantomHome\GameMode\PerformanceOptimizer.cpp">
      <Filter>Source Files</Filter>
    </ClCompile>
    <ClCompile Include="src\Shared_modules\HashStore\BloomFilter_impl.cpp">
      <Filter>Source Files</Filter>
    </ClCompile>
    <ClCompile Include="src\Shared_modules\HashStore\HashBucket_impl.cpp">
      <Filter>Source Files</Filter>
    </ClCompile>
    <ClCompile Include="src\Shared_modules\HashStore\HashStore.cpp">
      <Filter>Source Files</Filter>
    </ClCompile>
    <ClCompile Include="src\Shared_modules\HashStore\HashStore_import_export.cpp">
      <Filter>Source Files</Filter>
    </ClCompile>
    <ClCompile Include="src\Shared_modules\HashStore\HashStore_mgnmnt.cpp">
      <Filter>Source Files</Filter>
    </ClCompile>
    <ClCompile Include="src\Shared_modules\HashStore\HashStore_query_operations.cpp">
      <Filter>Source Files</Filter>
    </ClCompile>
    <ClCompile Include="src\Products\PhantomHome\IoT\IoTDeviceScanner.cpp">
      <Filter>Source Files</Filter>
    </ClCompile>
    <ClCompile Include="src\Products\PhantomHome\IoT\RouterSecurityChecker.cpp">
      <Filter>Source Files</Filter>
    </ClCompile>
    <ClCompile Include="src\Products\PhantomHome\IoT\SmartHomeProtection.cpp">
      <Filter>Source Files</Filter>
    </ClCompile>
    <ClCompile Include="src\Products\PhantomHome\IoT\WiFiSecurityAnalyzer.cpp">
      <Filter>Source Files</Filter>
    </ClCompile>
    <ClCompile Include="src\Shared_modules\PatternStore\aho_crsck_impl.cpp">
      <Filter>Source Files</Filter>
    </ClCompile>
    <ClCompile Include="src\Shared_modules\PatternStore\boyer_moore_impl.cpp">
      <Filter>Source Files</Filter>
    </ClCompile>
    <ClCompile Include="src\Shared_modules\PatternStore\PatternIndex.cpp">
      <Filter>Source Files</Filter>
    </ClCompile>
    <ClCompile Include="src\Shared_modules\PatternStore\PatternStore.cpp">
      <Filter>Source Files</Filter>
    </ClCompile>
    <ClCompile Include="src\Shared_modules\PatternStore\SIMD_Matcher_Impl.cpp">
      <Filter>Source Files</Filter>
    </ClCompile>
    <ClCompile Include="src\Shared_modules\Performance\CPUMonitor.cpp">
      <Filter>Source Files</Filter>
    </ClCompile>
    <ClCompile Include="src\Shared_modules\Performance\DiskMonitor.cpp">
      <Filter>Source Files</Filter>
    </ClCompile>
    <ClCompile Include="src\Shared_modules\Performance\MemoryProfiler.cpp">
      <Filter>Source Files</Filter>
    </ClCompile>
    <ClCompile Include="src\Shared_modules\Performance\NetworkPerformanceMonitor.cpp">
      <Filter>Source Files</Filter>
    </ClCompile>
    <ClCompile Include="src\Shared_modules\Performance\PerformanceProfiler.cpp">
      <Filter>Source Files</Filter>
    </ClCompile>
    <ClCompile Include="src\Products\PhantomHome\Privacy\CookieManager.cpp">
      <Filter>Source Files</Filter>
    </ClCompile>
    <ClCompile Include="src\Products\PhantomHome\Privacy\DataLeakProtection.cpp">
      <Filter>Source Files</Filter>
    </ClCompile>
    <ClCompile Include="src\Products\PhantomHome\Privacy\DNSLeakProtection.cpp">
      <Filter>Source Files</Filter>
    </ClCompile>
    <ClCompile Include="src\Products\PhantomHome\Privacy\IPLeakProtection.cpp">
      <Filter>Source Files</Filter>
    </ClCompile>
    <ClCompile Include="src\Products\PhantomHome\Privacy\LocationPrivacy.cpp">
      <Filter>Source Files</Filter>
    </ClCompile>
    <ClCompile Include="src\Products\PhantomHome\Privacy\MicrophoneGuard.cpp">
      <Filter>Source Files</Filter>
    </ClCompile>
    <ClCompile Include="src\Products\PhantomHome\Privacy\PrivacyCleaner.cpp">
      <Filter>Source Files</Filter>
    </ClCompile>
    <ClCompile Include="src\Products\PhantomHome\Privacy\WebcamProtector.cpp">
      <Filter>Source Files</Filter>
    </ClCompile>
    <ClCompile Include="src\Shared_modules\RansomwareProtection\BackupProtector.cpp">
      <Filter>Source Files</Filter>
    </ClCompile>
    <ClCompile Include="src\Shared_modules\RansomwareProtection\FileBackupManager.cpp">
      <Filter>Source Files</Filter>
    </ClCompile>
    <ClCompile Include="src\Shared_modules\RansomwareProtection\HoneypotManager.cpp">
      <Filter>Source Files</Filter>
    </ClCompile>
    <ClCompile Include="src\Shared_modules\RansomwareProtection\LockyDetector.cpp">
      <Filter>Source Files</Filter>
    </ClCompile>
    <ClCompile Include="src\Shared_modules\RansomwareProtection\RansomwareDecryptor.cpp">
      <Filter>Source Files</Filter>
    </ClCompile>
    <ClCompile Include="src\Shared_modules\RansomwareProtection\RansomwareDetector.cpp">
      <Filter>Source Files</Filter>
    </ClCompile>
    <ClCompile Include="src\Shared_modules\RansomwareProtection\ShadowCopyProtector.cpp">
      <Filter>Source Files</Filter>
    </ClCompile>
    <ClCompile Include="src\Shared_modules\RansomwareProtection\VolumeSnapshotService.cpp">
      <Filter>Source Files</Filter>
    </ClCompile>
    <ClCompile Include="src\Shared_modules\RansomwareProtection\WannaCryDetector.cpp">
      <Filter>Source Files</Filter>
    </ClCompile>
    <ClCompile Include="src\Shared_modules\RealTime\AccessControlManager.cpp">
      <Filter>Source Files</Filter>
    </ClCompile>
    <ClCompile Include="src\Shared_modules\RealTime\BehaviorBlocker.cpp">
      <Filter>Source Files</Filter>
    </ClCompile>
    <ClCompile Include="src\Shared_modules\RealTime\ExploitPrevention.cpp">
      <Filter>Source Files</Filter>
    </ClCompile>
    <ClCompile Include="src\Shared_modules\RealTime\FileIntegrityMonitor.cpp">
      <Filter>Source Files</Filter>
    </ClCompile>
    <ClCompile Include="src\Shared_modules\RealTime\FileSystemFilter.cpp">
      <Filter>Source Files</Filter>
    </ClCompile>
    <ClCompile Include="src\Shared_modules\RealTime\MemoryProtection.cpp">
      <Filter>Source Files</Filter>
    </ClCompile>
    <ClCompile Include="src\Shared_modules\RealTime\NetworkTrafficFilter.cpp">
      <Filter>Source Files</Filter>
    </ClCompile>
    <ClCompile Include="src\Shared_modules\RealTime\ProcessCreationMonitor.cpp">
      <Filter>Source Files</Filter>
    </ClCompile>
    <ClCompile Include="src\Shared_modules\RealTime\RealtTimeProtection.cpp">
      <Filter>Source Files</Filter>
    </ClCompile>
    <ClCompile Include="src\Shared_modules\RealTime\ZeroHourProtection.cpp">
      <Filter>Source Files</Filter>
    </ClCompile>
    <ClCompile Include="src\Shared_modules\Scripts\AMSIIntegration.cpp">
      <Filter>Source Files</Filter>
    </ClCompile>
    <ClCompile Include="src\Shared_modules\Scripts\JavaScriptScanner.cpp">
      <Filter>Source Files</Filter>
    </ClCompile>
    <ClCompile Include="src\Shared_modules\Scripts\MacroDetector.cpp">
      <Filter>Source Files</Filter>
    </ClCompile>
    <ClCompile Include="src\Shared_modules\Scripts\PowerShellScanner.cpp">
      <Filter>Source Files</Filter>
    </ClCompile>
    <ClCompile Include="src\Shared_modules\Scripts\PythonScriptScanner.cpp">
      <Filter>Source Files</Filter>
    </ClCompile>
    <ClCompile Include="src\Shared_modules\Scripts\VBScriptScanner.cpp">
      <Filter>Source Files</Filter>
    </ClCompile>
    <ClCompile Include="src\Shared_modules\Security\AntiDebug.cpp">
      <Filter>Source Files</Filter>
    </ClCompile>
    <ClCompile Include="src\Shared_modules\Security\CertificateValidator.cpp">
      <Filter>Source Files</Filter>
    </ClCompile>
    <ClCompile Include="src\Shared_modules\Security\CodeObfuscation.cpp">
      <Filter>Source Files</Filter>
    </ClCompile>
    <ClCompile Include="src\Shared_modules\Security\CryptoManager.cpp">
      <Filter>Source Files</Filter>
    </ClCompile>
    <ClCompile Include="src\Shared_modules\Security\DigitalSignatureValidator.cpp">
      <Filter>Source Files</Filter>
    </ClCompile>
    <ClCompile Include="src\Shared_modules\Security\FileProtection.cpp">
      <Filter>Source Files</Filter>
    </ClCompile>
    <ClCompile Include="src\Shared_modules\Security\MemoryProtection.cpp">
      <Filter>Source Files</Filter>
    </ClCompile>
    <ClCompile Include="src\Shared_modules\Security\ProcessProtection.cpp">
      <Filter>Source Files</Filter>
    </ClCompile>
    <ClCompile Include="src\Shared_modules\Security\RegistryProtection.cpp">
      <Filter>Source Files</Filter>
    </ClCompile>
    <ClCompile Include="src\Shared_modules\Security\SelfDefense.cpp">
      <Filter>Source Files</Filter>
    </ClCompile>
    <ClCompile Include="src\Shared_modules\Security\TamperProtection.cpp">
      <Filter>Source Files</Filter>
    </ClCompile>
    <ClCompile Include="src\Shared_modules\Service\AntivirusService.cpp">
      <Filter>Source Files</Filter>
    </ClCompile>
    <ClCompile Include="src\Shared_modules\Service\PerformanceProfiler.cpp">
      <Filter>Source Files</Filter>
    </ClCompile>
    <ClCompile Include="src\Shared_modules\Service\ServiceCommunicator.cpp">
      <Filter>Source Files</Filter>
    </ClCompile>
    <ClCompile Include="src\Shared_modules\Service\ServiceController.cpp">
      <Filter>Source Files</Filter>
    </ClCompile>
    <ClCompile Include="src\Shared_modules\Service\ServiceInstaller.cpp">
      <Filter>Source Files</Filter>
    </ClCompile>
    <ClCompile Include="src\Shared_modules\Service\ServiceMonitor.cpp">
      <Filter>Source Files</Filter>
    </ClCompile>
    <ClCompile Include="src\Shared_modules\SignatureStore\batch_sig_builder.cpp">
      <Filter>Source Files</Filter>
    </ClCompile>
    <ClCompile Include="src\Shared_modules\SignatureStore\SignatureBuilder.cpp">
      <Filter>Source Files</Filter>
    </ClCompile>
    <ClCompile Include="src\Shared_modules\SignatureStore\SignatureFormat.cpp">
      <Filter>Source Files</Filter>
    </ClCompile>
    <ClCompile Include="src\Shared_modules\SignatureStore\SignatureIndex.cpp">
      <Filter>Source Files</Filter>
    </ClCompile>
    <ClCompile Include="src\Shared_modules\SignatureStore\SignatureIndex_Cache_mngmnt.cpp">
      <Filter>Source Files</Filter>
    </ClCompile>
    <ClCompile Include="src\Shared_modules\SignatureStore\SignatureIndex_COW.cpp">
      <Filter>Source Files</Filter>
    </ClCompile>
    <ClCompile Include="src\Shared_modules\SignatureStore\SignatureIndex_Modification.cpp">
      <Filter>Source Files</Filter>
    </ClCompile>
    <ClCompile Include="src\Shared_modules\SignatureStore\SignatureIndex_Query.cpp">
      <Filter>Source Files</Filter>
    </ClCompile>
    <ClCompile Include="src\Shared_modules\SignatureStore\SignatureIndex_stat_maintenance.cpp">
      <Filter>Source Files</Filter>
    </ClCompile>
    <ClCompile Include="src\Shared_modules\SignatureStore\SignatureStore.cpp">
      <Filter>Source Files</Filter>
    </ClCompile>
    <ClCompile Include="src\Shared_modules\SignatureStore\SignatureStore_mngmnt.cpp">
      <Filter>Source Files</Filter>
    </ClCompile>
    <ClCompile Include="src\Shared_modules\SignatureStore\SignatureStore_Query.cpp">
      <Filter>Source Files</Filter>
    </ClCompile>
    <ClCompile Include="src\Shared_modules\SignatureStore\SignatureStore_scan.cpp">
      <Filter>Source Files</Filter>
    </ClCompile>
    <ClCompile Include="src\Shared_modules\SignatureStore\sig_builder_import_methods.cpp">
      <Filter>Source Files</Filter>
    </ClCompile>
    <ClCompile Include="src\Shared_modules\SignatureStore\sig_builder_input_methods.cpp">
      <Filter>Source Files</Filter>
    </ClCompile>
    <ClCompile Include="src\Shared_modules\SignatureStore\sig_builder_serialization.cpp">
      <Filter>Source Files</Filter>
    </ClCompile>
    <ClCompile Include="src\Shared_modules\SignatureStore\sig_builder_utils.cpp">
      <Filter>Source Files</Filter>
    </ClCompile>
    <ClCompile Include="src\Shared_modules\SignatureStore\sig_indx_internal_node_mng.cpp">
      <Filter>Source Files</Filter>
    </ClCompile>
    <ClCompile Include="src\Shared_modules\SignatureStore\YaraRuleStore.cpp">
      <Filter>Source Files</Filter>
    </ClCompile>
    <ClCompile Include="src\Shared_modules\ThreatIntel\ReputationCache.cpp">
      <Filter>Source Files</Filter>
    </ClCompile>
    <ClCompile Include="src\Shared_modules\ThreatIntel\ThreatIntelDatabase.cpp">
      <Filter>Source Files</Filter>
    </ClCompile>
    <ClCompile Include="src\Shared_modules\ThreatIntel\ThreatIntelExporter.cpp">
      <Filter>Source Files</Filter>
    </ClCompile>
    <ClCompile Include="src\Shared_modules\ThreatIntel\ThreatIntelFeedManager.cpp">
      <Filter>Source Files</Filter>
    </ClCompile>
    <ClCompile Include="src\Shared_modules\ThreatIntel\ThreatIntelFeedManager_parsers.cpp">
      <Filter>Source Files</Filter>
    </ClCompile>
    <ClCompile Include="src\Shared_modules\ThreatIntel\ThreatIntelFormat.cpp">
      <Filter>Source Files</Filter>
    </ClCompile>
    <ClCompile Include="src\Shared_modules\ThreatIntel\ThreatIntelImporter.cpp">
      <Filter>Source Files</Filter>
    </ClCompile>
    <ClCompile Include="src\Shared_modules\ThreatIntel\ThreatIntelIndex_Core.cpp">
      <Filter>Source Files</Filter>
    </ClCompile>
    <ClCompile Include="src\Shared_modules\ThreatIntel\ThreatIntelIndex_DataStructures.cpp">
      <Filter>Source Files</Filter>
    </ClCompile>
    <ClCompile Include="src\Shared_modules\ThreatIntel\ThreatIntelIndex_Lookups.cpp">
      <Filter>Source Files</Filter>
    </ClCompile>
    <ClCompile Include="src\Shared_modules\ThreatIntel\ThreatIntelIndex_Modifications.cpp">
      <Filter>Source Files</Filter>
    </ClCompile>
    <ClCompile Include="src\Shared_modules\ThreatIntel\ThreatIntelIndex_Trees.cpp">
      <Filter>Source Files</Filter>
    </ClCompile>
    <ClCompile Include="src\Shared_modules\ThreatIntel\ThreatIntelIndex_URLMatcher.cpp">
      <Filter>Source Files</Filter>
    </ClCompile>
    <ClCompile Include="src\Shared_modules\ThreatIntel\ThreatIntelIOCManager.cpp">
      <Filter>Source Files</Filter>
    </ClCompile>
    <ClCompile Include="src\Shared_modules\ThreatIntel\ThreatIntelLookup.cpp">
      <Filter>Source Files</Filter>
    </ClCompile>
    <ClCompile Include="src\Shared_modules\ThreatIntel\ThreatIntelStore.cpp">
      <Filter>Source Files</Filter>
    </ClCompile>
    <ClCompile Include="src\Shared_modules\ThreatIntel\ThreatIntelBloomFilter.cpp">
      <Filter>Source Files</Filter>
    </ClCompile>
    <ClCompile Include="src\Shared_modules\Update\DeltaUpdater.cpp">
      <Filter>Source Files</Filter>
    </ClCompile>
    <ClCompile Include="src\Shared_modules\Update\ProgramUpdater.cpp">
      <Filter>Source Files</Filter>
    </ClCompile>
    <ClCompile Include="src\Shared_modules\Update\RollbackManager.cpp">
      <Filter>Source Files</Filter>
    </ClCompile>
    <ClCompile Include="src\Shared_modules\Update\SignatureUpdater.cpp">
      <Filter>Source Files</Filter>
    </ClCompile>
    <ClCompile Include="src\Shared_modules\Update\UpdateManager.cpp">
      <Filter>Source Files</Filter>
    </ClCompile>
    <ClCompile Include="src\Shared_modules\Update\UpdateScheduler.cpp">
      <Filter>Source Files</Filter>
    </ClCompile>
    <ClCompile Include="src\Shared_modules\Update\UpdateVerifier.cpp">
      <Filter>Source Files</Filter>
    </ClCompile>
    <ClCompile Include="src\Products\PhantomHome\USB_Protection\BadUSBDetector.cpp">
      <Filter>Source Files</Filter>
    </ClCompile>
    <ClCompile Include="src\Products\PhantomHome\USB_Protection\DeviceControlManager.cpp">
      <Filter>Source Files</Filter>
    </ClCompile>
    <ClCompile Include="src\Products\PhantomHome\USB_Protection\USBAutorunBlocker.cpp">
      <Filter>Source Files</Filter>
    </ClCompile>
    <ClCompile Include="src\Products\PhantomHome\USB_Protection\USBDeviceMonitor.cpp">
      <Filter>Source Files</Filter>
    </ClCompile>
    <ClCompile Include="src\Products\PhantomHome\USB_Protection\USBScanner.cpp">
      <Filter>Source Files</Filter>
    </ClCompile>
    <ClCompile Include="src\Shared_modules\Utils\NetworkUtilsIpAddress.cpp">
      <Filter>Source Files</Filter>
    </ClCompile>
    <ClCompile Include="src\Shared_modules\Utils\Base64Utils.cpp">
      <Filter>Source Files</Filter>
    </ClCompile>
    <ClCompile Include="src\Shared_modules\Utils\CacheManager.cpp">
      <Filter>Source Files</Filter>
    </ClCompile>
    <ClCompile Include="src\Shared_modules\Utils\CertUtils.cpp">
      <Filter>Source Files</Filter>
    </ClCompile>
    <ClCompile Include="src\Shared_modules\Utils\CompressionUtils.cpp">
      <Filter>Source Files</Filter>
    </ClCompile>
    <ClCompile Include="src\Shared_modules\Utils\CryptoUtils.cpp">
      <Filter>Source Files</Filter>
    </ClCompile>
    <ClCompile Include="src\Shared_modules\Utils\CryptoUtilsCommon.cpp">
      <Filter>Source Files</Filter>
    </ClCompile>
    <ClCompile Include="src\Shared_modules\Utils\CryptoUtils_AsymmetricCipher.cpp">
      <Filter>Source Files</Filter>
    </ClCompile>
    <ClCompile Include="src\Shared_modules\Utils\CryptoUtils_private_key.cpp">
      <Filter>Source Files</Filter>
    </ClCompile>
    <ClCompile Include="src\Shared_modules\Utils\CryptoUtils_SecureBuffer.cpp">
      <Filter>Source Files</Filter>
    </ClCompile>
    <ClCompile Include="src\Shared_modules\Utils\CryptoUtils_Secure_Random.cpp">
      <Filter>Source Files</Filter>
    </ClCompile>
    <ClCompile Include="src\Shared_modules\Utils\CryptoUtils_SymmetricCipher.cpp">
      <Filter>Source Files</Filter>
    </ClCompile>
    <ClCompile Include="src\Shared_modules\Utils\FileUtils.cpp">
      <Filter>Source Files</Filter>
    </ClCompile>
    <ClCompile Include="src\Shared_modules\Utils\HashUtils.cpp">
      <Filter>Source Files</Filter>
    </ClCompile>
    <ClCompile Include="src\Shared_modules\Utils\JSONUtils.cpp">
      <Filter>Source Files</Filter>
    </ClCompile>
    <ClCompile Include="src\Shared_modules\Utils\Logger.cpp">
      <Filter>Source Files</Filter>
    </ClCompile>
    <ClCompile Include="src\Shared_modules\Utils\MemoryUtils.cpp">
      <Filter>Source Files</Filter>
    </ClCompile>
    <ClCompile Include="src\Shared_modules\Utils\NetworkSecurity_SSL_TLS.cpp">
      <Filter>Source Files</Filter>
    </ClCompile>
    <ClCompile Include="src\Shared_modules\Utils\NetworkUtils.cpp">
      <Filter>Source Files</Filter>
    </ClCompile>
    <ClCompile Include="src\Shared_modules\Utils\NetworkUtilsMacAdress.cpp">
      <Filter>Source Files</Filter>
    </ClCompile>
    <ClCompile Include="src\Shared_modules\Utils\NetworkUtils_Adapter.cpp">
      <Filter>Source Files</Filter>
    </ClCompile>
    <ClCompile Include="src\Shared_modules\Utils\NetworkUtils_DNS.cpp">
      <Filter>Source Files</Filter>
    </ClCompile>
    <ClCompile Include="src\Shared_modules\Utils\NetworkUtils_http_https.cpp">
      <Filter>Source Files</Filter>
    </ClCompile>
    <ClCompile Include="src\Shared_modules\Utils\NetworkUtils_proxy.cpp">
      <Filter>Source Files</Filter>
    </ClCompile>
    <ClCompile Include="src\Shared_modules\Utils\NetworkUtils_URL.cpp">
      <Filter>Source Files</Filter>
    </ClCompile>
    <ClCompile Include="src\Shared_modules\Utils\PE_sig_verf.cpp">
      <Filter>Source Files</Filter>
    </ClCompile>
    <ClCompile Include="src\Shared_modules\Utils\ProcessUtils.cpp">
      <Filter>Source Files</Filter>
    </ClCompile>
    <ClCompile Include="src\Shared_modules\Utils\RegistryUtils.cpp">
      <Filter>Source Files</Filter>
    </ClCompile>
    <ClCompile Include="src\Shared_modules\Utils\StringUtils.cpp">
      <Filter>Source Files</Filter>
    </ClCompile>
    <ClCompile Include="src\Shared_modules\Utils\SystemUtils.cpp">
      <Filter>Source Files</Filter>
    </ClCompile>
    <ClCompile Include="src\Shared_modules\Utils\ThreadPool.cpp">
      <Filter>Source Files</Filter>
    </ClCompile>
    <ClCompile Include="src\Shared_modules\Utils\Timer.cpp">
      <Filter>Source Files</Filter>
    </ClCompile>
    <ClCompile Include="src\Shared_modules\Utils\XMLUtils.cpp">
      <Filter>Source Files</Filter>
    </ClCompile>
    <ClCompile Include="src\Products\PhantomHome\WebProtection\AdBlocker.cpp">
      <Filter>Source Files</Filter>
    </ClCompile>
    <ClCompile Include="src\Products\PhantomHome\WebProtection\BrowserProtection.cpp">
      <Filter>Source Files</Filter>
    </ClCompile>
    <ClCompile Include="src\Products\PhantomHome\WebProtection\ChromeExtensionScanner.cpp">
      <Filter>Source Files</Filter>
    </ClCompile>
    <ClCompile Include="src\Products\PhantomHome\WebProtection\FirefoxAddonScanner.cpp">
      <Filter>Source Files</Filter>
    </ClCompile>
    <ClCompile Include="src\Products\PhantomHome\WebProtection\MaliciousDownloadBlocker.cpp">
      <Filter>Source Files</Filter>
    </ClCompile>
    <ClCompile Include="src\Products\PhantomHome\WebProtection\PhishingDetector.cpp">
      <Filter>Source Files</Filter>
    </ClCompile>
    <ClCompile Include="src\Products\PhantomHome\WebProtection\SafeBrowsingAPI.cpp">
      <Filter>Source Files</Filter>
    </ClCompile>
    <ClCompile Include="src\Products\PhantomHome\WebProtection\TrackerBlocker.cpp">
      <Filter>Source Files</Filter>
    </ClCompile>
    <ClCompile Include="src\Shared_modules\Whitelist\WhiteListBloomFilter.cpp">
      <Filter>Source Files</Filter>
    </ClCompile>
    <ClCompile Include="src\Shared_modules\Whitelist\WhiteListFormat.cpp">
      <Filter>Source Files</Filter>
    </ClCompile>
    <ClCompile Include="src\Shared_modules\Whitelist\WhiteListHashIndex.cpp">
      <Filter>Source Files</Filter>
    </ClCompile>
    <ClCompile Include="src\Shared_modules\Whitelist\WhiteListPatternIndex.cpp">
      <Filter>Source Files</Filter>
    </ClCompile>
    <ClCompile Include="src\Shared_modules\Whitelist\WhiteListStore.cpp">
      <Filter>Source Files</Filter>
    </ClCompile>
    <ClCompile Include="src\Shared_modules\Whitelist\WhiteListStringPool.cpp">
      <Filter>Source Files</Filter>
    </ClCompile>
    <ClCompile Include="src\Shared_modules\Communication\FilterConnection.cpp">
      <Filter>Source Files</Filter>
    </ClCompile>
    <ClCompile Include="src\Shared_modules\Communication\MessageDispatcher.cpp">
      <Filter>Source Files</Filter>
    </ClCompile>
    <ClCompile Include="src\Shared_modules\Communication\ThreatIntelPusher.cpp">
      <Filter>Source Files</Filter>
    </ClCompile>
  </ItemGroup>
  <ItemGroup>
    <ClInclude Include="include\gmock\gmock-actions.h">
      <Filter>Header Files</Filter>
    </ClInclude>
    <ClInclude Include="include\gmock\gmock-cardinalities.h">
      <Filter>Header Files</Filter>
    </ClInclude>
    <ClInclude Include="include\gmock\gmock-function-mocker.h">
      <Filter>Header Files</Filter>
    </ClInclude>
    <ClInclude Include="include\gmock\gmock-matchers.h">
      <Filter>Header Files</Filter>
    </ClInclude>
    <ClInclude Include="include\gmock\gmock-more-actions.h">
      <Filter>Header Files</Filter>
    </ClInclude>
    <ClInclude Include="include\gmock\gmock-more-matchers.h">
      <Filter>Header Files</Filter>
    </ClInclude>
    <ClInclude Include="include\gmock\gmock-nice-strict.h">
      <Filter>Header Files</Filter>
    </ClInclude>
    <ClInclude Include="include\gmock\gmock-spec-builders.h">
      <Filter>Header Files</Filter>
    </ClInclude>
    <ClInclude Include="include\gmock\gmock.h">
      <Filter>Header Files</Filter>
    </ClInclude>
    <ClInclude Include="include\gmock\internal\gmock-internal-utils.h">
      <Filter>Header Files</Filter>
    </ClInclude>
    <ClInclude Include="include\gmock\internal\gmock-port.h">
      <Filter>Header Files</Filter>
    </ClInclude>
    <ClInclude Include="include\gmock\internal\gmock-pp.h">
      <Filter>Header Files</Filter>
    </ClInclude>
    <ClInclude Include="include\gmock\internal\custom\gmock-generated-actions.h">
      <Filter>Header Files</Filter>
    </ClInclude>
    <ClInclude Include="include\gmock\internal\custom\gmock-matchers.h">
      <Filter>Header Files</Filter>
    </ClInclude>
    <ClInclude Include="include\gmock\internal\custom\gmock-port.h">
      <Filter>Header Files</Filter>
    </ClInclude>
    <ClInclude Include="include\gtest\gtest-assertion-result.h">
      <Filter>Header Files</Filter>
    </ClInclude>
    <ClInclude Include="include\gtest\gtest-death-test.h">
      <Filter>Header Files</Filter>
    </ClInclude>
    <ClInclude Include="include\gtest\gtest-matchers.h">
      <Filter>Header Files</Filter>
    </ClInclude>
    <ClInclude Include="include\gtest\gtest-message.h">
      <Filter>Header Files</Filter>
    </ClInclude>
    <ClInclude Include="include\gtest\gtest-param-test.h">
      <Filter>Header Files</Filter>
    </ClInclude>
    <ClInclude Include="include\gtest\gtest-printers.h">
      <Filter>Header Files</Filter>
    </ClInclude>
    <ClInclude Include="include\gtest\gtest-spi.h">
      <Filter>Header Files</Filter>
    </ClInclude>
    <ClInclude Include="include\gtest\gtest-test-part.h">
      <Filter>Header Files</Filter>
    </ClInclude>
    <ClInclude Include="include\gtest\gtest-typed-test.h">
      <Filter>Header Files</Filter>
    </ClInclude>
    <ClInclude Include="include\gtest\gtest.h">
      <Filter>Header Files</Filter>
    </ClInclude>
    <ClInclude Include="include\gtest\gtest_pred_impl.h">
      <Filter>Header Files</Filter>
    </ClInclude>
    <ClInclude Include="include\gtest\gtest_prod.h">
      <Filter>Header Files</Filter>
    </ClInclude>
    <ClInclude Include="include\gtest\internal\gtest-death-test-internal.h">
      <Filter>Header Files</Filter>
    </ClInclude>
    <ClInclude Include="include\gtest\internal\gtest-filepath.h">
      <Filter>Header Files</Filter>
    </ClInclude>
    <ClInclude Include="include\gtest\internal\gtest-internal.h">
      <Filter>Header Files</Filter>
    </ClInclude>
    <ClInclude Include="include\gtest\internal\gtest-param-util.h">
      <Filter>Header Files</Filter>
    </ClInclude>
    <ClInclude Include="include\gtest\internal\gtest-port-arch.h">
      <Filter>Header Files</Filter>
    </ClInclude>
    <ClInclude Include="include\gtest\internal\gtest-port.h">
      <Filter>Header Files</Filter>
    </ClInclude>
    <ClInclude Include="include\gtest\internal\gtest-string.h">
      <Filter>Header Files</Filter>
    </ClInclude>
    <ClInclude Include="include\gtest\internal\gtest-type-util.h">
      <Filter>Header Files</Filter>
    </ClInclude>
    <ClInclude Include="include\gtest\internal\custom\gtest-port.h">
      <Filter>Header Files</Filter>
    </ClInclude>
    <ClInclude Include="include\gtest\internal\custom\gtest-printers.h">
      <Filter>Header Files</Filter>
    </ClInclude>
    <ClInclude Include="include\gtest\internal\custom\gtest.h">
      <Filter>Header Files</Filter>
    </ClInclude>
    <ClInclude Include="include\nlohmann\json.hpp">
      <Filter>Header Files</Filter>
    </ClInclude>
    <ClInclude Include="include\pugixml\pugiconfig.hpp">
      <Filter>Header Files</Filter>
    </ClInclude>
    <ClInclude Include="include\pugixml\pugixml.hpp">
      <Filter>Header Files</Filter>
    </ClInclude>
    <ClInclude Include="include\sqlitecpp\Assertion.h">
      <Filter>Header Files</Filter>
    </ClInclude>
    <ClInclude Include="include\sqlitecpp\Backup.h">
      <Filter>Header Files</Filter>
    </ClInclude>
    <ClInclude Include="include\sqlitecpp\Column.h">
      <Filter>Header Files</Filter>
    </ClInclude>
    <ClInclude Include="include\sqlitecpp\Database.h">
      <Filter>Header Files</Filter>
    </ClInclude>
    <ClInclude Include="include\sqlitecpp\Exception.h">
      <Filter>Header Files</Filter>
    </ClInclude>
    <ClInclude Include="include\sqlitecpp\ExecuteMany.h">
      <Filter>Header Files</Filter>
    </ClInclude>
    <ClInclude Include="include\sqlitecpp\Savepoint.h">
      <Filter>Header Files</Filter>
    </ClInclude>
    <ClInclude Include="include\sqlitecpp\sqlite3.h">
      <Filter>Header Files</Filter>
    </ClInclude>
    <ClInclude Include="include\sqlitecpp\SQLiteCpp.h">
      <Filter>Header Files</Filter>
    </ClInclude>
    <ClInclude Include="include\sqlitecpp\SQLiteCppExport.h">
      <Filter>Header Files</Filter>
    </ClInclude>
    <ClInclude Include="include\sqlitecpp\Statement.h">
      <Filter>Header Files</Filter>
    </ClInclude>
    <ClInclude Include="include\sqlitecpp\Transaction.h">
      <Filter>Header Files</Filter>
    </ClInclude>
    <ClInclude Include="include\sqlitecpp\Utils.h">
      <Filter>Header Files</Filter>
    </ClInclude>
    <ClInclude Include="include\sqlitecpp\VariadicBind.h">
      <Filter>Header Files</Filter>
    </ClInclude>
    <ClInclude Include="include\tlsh\input_desc.h">
      <Filter>Header Files</Filter>
    </ClInclude>
    <ClInclude Include="include\tlsh\shared_file_functions.h">
      <Filter>Header Files</Filter>
    </ClInclude>
    <ClInclude Include="include\tlsh\tlsh.h">
      <Filter>Header Files</Filter>
    </ClInclude>
    <ClInclude Include="include\tlsh\tlsh_compat.h">
      <Filter>Header Files</Filter>
    </ClInclude>
    <ClInclude Include="include\tlsh\tlsh_impl.h">
      <Filter>Header Files</Filter>
    </ClInclude>
    <ClInclude Include="include\tlsh\tlsh_util.h">
      <Filter>Header Files</Filter>
    </ClInclude>
    <ClInclude Include="include\tlsh\tlsh_win_version.h">
      <Filter>Header Files</Filter>
    </ClInclude>
    <ClInclude Include="include\yara\yara.h">
      <Filter>Header Files</Filter>
    </ClInclude>
    <ClInclude Include="include\yara\authenticode-parser\authenticode.h">
      <Filter>Header Files</Filter>
    </ClInclude>
    <ClInclude Include="include\yara\tlshc\tlsh.h">
      <Filter>Header Files</Filter>
    </ClInclude>
    <ClInclude Include="include\yara\yara\ahocorasick.h">
      <Filter>Header Files</Filter>
    </ClInclude>
    <ClInclude Include="include\yara\yara\arena.h">
      <Filter>Header Files</Filter>
    </ClInclude>
    <ClInclude Include="include\yara\yara\atoms.h">
      <Filter>Header Files</Filter>
    </ClInclude>
    <ClInclude Include="include\yara\yara\base64.h">
      <Filter>Header Files</Filter>
    </ClInclude>
    <ClInclude Include="include\yara\yara\bitmask.h">
      <Filter>Header Files</Filter>
    </ClInclude>
    <ClInclude Include="include\yara\yara\compiler.h">
      <Filter>Header Files</Filter>
    </ClInclude>
    <ClInclude Include="include\yara\yara\dex.h">
      <Filter>Header Files</Filter>
    </ClInclude>
    <ClInclude Include="include\yara\yara\dotnet.h">
      <Filter>Header Files</Filter>
    </ClInclude>
    <ClInclude Include="include\yara\yara\elf.h">
      <Filter>Header Files</Filter>
    </ClInclude>
    <ClInclude Include="include\yara\yara\elf_utils.h">
      <Filter>Header Files</Filter>
    </ClInclude>
    <ClInclude Include="include\yara\yara\endian.h">
      <Filter>Header Files</Filter>
    </ClInclude>
    <ClInclude Include="include\yara\yara\error.h">
      <Filter>Header Files</Filter>
    </ClInclude>
    <ClInclude Include="include\yara\yara\exec.h">
      <Filter>Header Files</Filter>
    </ClInclude>
    <ClInclude Include="include\yara\yara\exefiles.h">
      <Filter>Header Files</Filter>
    </ClInclude>
    <ClInclude Include="include\yara\yara\filemap.h">
      <Filter>Header Files</Filter>
    </ClInclude>
    <ClInclude Include="include\yara\yara\globals.h">
      <Filter>Header Files</Filter>
    </ClInclude>
    <ClInclude Include="include\yara\yara\hash.h">
      <Filter>Header Files</Filter>
    </ClInclude>
    <ClInclude Include="include\yara\yara\hex_lexer.h">
      <Filter>Header Files</Filter>
    </ClInclude>
    <ClInclude Include="include\yara\yara\integers.h">
      <Filter>Header Files</Filter>
    </ClInclude>
    <ClInclude Include="include\yara\yara\lexer.h">
      <Filter>Header Files</Filter>
    </ClInclude>
    <ClInclude Include="include\yara\yara\libyara.h">
      <Filter>Header Files</Filter>
    </ClInclude>
    <ClInclude Include="include\yara\yara\limits.h">
      <Filter>Header Files</Filter>
    </ClInclude>
    <ClInclude Include="include\yara\yara\macho.h">
      <Filter>Header Files</Filter>
    </ClInclude>
    <ClInclude Include="include\yara\yara\mem.h">
      <Filter>Header Files</Filter>
    </ClInclude>
    <ClInclude Include="include\yara\yara\modules.h">
      <Filter>Header Files</Filter>
    </ClInclude>
    <ClInclude Include="include\yara\yara\notebook.h">
      <Filter>Header Files</Filter>
    </ClInclude>
    <ClInclude Include="include\yara\yara\object.h">
      <Filter>Header Files</Filter>
    </ClInclude>
    <ClInclude Include="include\yara\yara\parser.h">
      <Filter>Header Files</Filter>
    </ClInclude>
    <ClInclude Include="include\yara\yara\pe.h">
      <Filter>Header Files</Filter>
    </ClInclude>
    <ClInclude Include="include\yara\yara\pe_utils.h">
      <Filter>Header Files</Filter>
    </ClInclude>
    <ClInclude Include="include\yara\yara\proc.h">
      <Filter>Header Files</Filter>
    </ClInclude>
    <ClInclude Include="include\yara\yara\re.h">
      <Filter>Header Files</Filter>
    </ClInclude>
    <ClInclude Include="include\yara\yara\re_lexer.h">
      <Filter>Header Files</Filter>
    </ClInclude>
    <ClInclude Include="include\yara\yara\rules.h">
      <Filter>Header Files</Filter>
    </ClInclude>
    <ClInclude Include="include\yara\yara\scan.h">
      <Filter>Header Files</Filter>
    </ClInclude>
    <ClInclude Include="include\yara\yara\scanner.h">
      <Filter>Header Files</Filter>
    </ClInclude>
    <ClInclude Include="include\yara\yara\simple_str.h">
      <Filter>Header Files</Filter>
    </ClInclude>
    <ClInclude Include="include\yara\yara\sizedstr.h">
      <Filter>Header Files</Filter>
    </ClInclude>
    <ClInclude Include="include\yara\yara\stack.h">
      <Filter>Header Files</Filter>
    </ClInclude>
    <ClInclude Include="include\yara\yara\stopwatch.h">
      <Filter>Header Files</Filter>
    </ClInclude>
    <ClInclude Include="include\yara\yara\stream.h">
      <Filter>Header Files</Filter>
    </ClInclude>
    <ClInclude Include="include\yara\yara\strutils.h">
      <Filter>Header Files</Filter>
    </ClInclude>
    <ClInclude Include="include\yara\yara\threading.h">
      <Filter>Header Files</Filter>
    </ClInclude>
    <ClInclude Include="include\yara\yara\types.h">
      <Filter>Header Files</Filter>
    </ClInclude>
    <ClInclude Include="include\yara\yara\unaligned.h">
      <Filter>Header Files</Filter>
    </ClInclude>
    <ClInclude Include="include\yara\yara\utils.h">
      <Filter>Header Files</Filter>
    </ClInclude>
    <ClInclude Include="src\pch.h">
      <Filter>Header Files</Filter>
    </ClInclude>
    <ClInclude Include="src\Drivers\FilterDriver.hpp">
      <Filter>Header Files</Filter>
    </ClInclude>
    <ClInclude Include="src\Drivers\FilterCommunication.hpp">
      <Filter>Header Files</Filter>
    </ClInclude>
    <ClInclude Include="src\Drivers\FileFilterCallbacks.hpp">
      <Filter>Header Files</Filter>
    </ClInclude>
    <ClInclude Include="src\Drivers\ProcessFilterCallbacks.hpp">
      <Filter>Header Files</Filter>
    </ClInclude>
    <ClInclude Include="src\Drivers\RegistryFilterCallbacks.hpp">
      <Filter>Header Files</Filter>
    </ClInclude>
    <ClInclude Include="src\Shared_modules\FuzzyHasher\FuzzyHasher.hpp">
      <Filter>Header Files</Filter>
    </ClInclude>
    <ClInclude Include="src\Shared_modules\FuzzyHasher\DigestGenerator.hpp">
      <Filter>Header Files</Filter>
    </ClInclude>
    <ClInclude Include="src\Shared_modules\FuzzyHasher\DigestComparer.hpp">
      <Filter>Header Files</Filter>
    </ClInclude>
    <ClInclude Include="src\Shared_modules\FuzzyHasher\RollingHash.hpp">
      <Filter>Header Files</Filter>
    </ClInclude>
    <ClInclude Include="src\Shared_modules\FuzzyHasher\ChunkHash.hpp">
      <Filter>Header Files</Filter>
    </ClInclude>
    <ClInclude Include="src\Shared_modules\FuzzyHasher\EditDistance.hpp">
      <Filter>Header Files</Filter>
    </ClInclude>
    <ClInclude Include="src\Shared_modules\AntiEvasion\DebuggerEvasionDetector.hpp">
      <Filter>Header Files</Filter>
    </ClInclude>
    <ClInclude Include="src\Shared_modules\AntiEvasion\EnvironmentEvasionDetector.hpp">
      <Filter>Header Files</Filter>
    </ClInclude>
    <ClInclude Include="src\Shared_modules\AntiEvasion\metamorphic_polymorphicdetector.hpp">
      <Filter>Header Files</Filter>
    </ClInclude>
    <ClInclude Include="src\Shared_modules\AntiEvasion\NetworkBasedEvasionDetector.hpp">
      <Filter>Header Files</Filter>
    </ClInclude>
    <ClInclude Include="src\Shared_modules\AntiEvasion\nt_undocumented.h">
      <Filter>Header Files</Filter>
    </ClInclude>
    <ClInclude Include="src\Shared_modules\AntiEvasion\PackerDetector.hpp">
      <Filter>Header Files</Filter>
    </ClInclude>
    <ClInclude Include="src\Shared_modules\AntiEvasion\ProcessEvasionDetector.hpp">
      <Filter>Header Files</Filter>
    </ClInclude>
    <ClInclude Include="src\Shared_modules\AntiEvasion\SandboxEvasionDetector.hpp">
      <Filter>Header Files</Filter>
    </ClInclude>
    <ClInclude Include="src\Shared_modules\AntiEvasion\TimeBasedEvasionDetector.hpp">
      <Filter>Header Files</Filter>
    </ClInclude>
    <ClInclude Include="src\Shared_modules\AntiEvasion\VMEvasionDetector.hpp">
      <Filter>Header Files</Filter>
    </ClInclude>
    <ClInclude Include="src\Products\PhantomHome\Backup\BackupManager.hpp">
      <Filter>Header Files</Filter>
    </ClInclude>
    <ClInclude Include="src\Products\PhantomHome\Backup\BackupScheduler.hpp">
      <Filter>Header Files</Filter>
    </ClInclude>
    <ClInclude Include="src\Products\PhantomHome\Backup\IncrementalBackup.hpp">
      <Filter>Header Files</Filter>
    </ClInclude>
    <ClInclude Include="src\Products\PhantomHome\Backup\RestoreManager.hpp">
      <Filter>Header Files</Filter>
    </ClInclude>
    <ClInclude Include="src\Shared_modules\Core\System\BootTimeAnalyzer.hpp">
      <Filter>Header Files</Filter>
    </ClInclude>
    <ClInclude Include="src\Shared_modules\Core\System\CrashHandler.hpp">
      <Filter>Header Files</Filter>
    </ClInclude>
    <ClInclude Include="src\Shared_modules\Core\System\DriverAnalyzer.hpp">
      <Filter>Header Files</Filter>
    </ClInclude>
    <ClInclude Include="src\Shared_modules\Core\System\EventLogger.hpp">
      <Filter>Header Files</Filter>
    </ClInclude>
    <ClInclude Include="src\Shared_modules\Core\System\HardwareMonitor.hpp">
      <Filter>Header Files</Filter>
    </ClInclude>
    <ClInclude Include="src\Shared_modules\Core\System\PerformanceMonitor.hpp">
      <Filter>Header Files</Filter>
    </ClInclude>
    <ClInclude Include="src\Shared_modules\Core\System\ServiceManager.hpp">
      <Filter>Header Files</Filter>
    </ClInclude>
    <ClInclude Include="src\Shared_modules\Core\System\SystemInfo.hpp">
      <Filter>Header Files</Filter>
    </ClInclude>
    <ClInclude Include="src\Shared_modules\Database\ConfigurationDB.hpp">
      <Filter>Header Files</Filter>
    </ClInclude>
    <ClInclude Include="src\Shared_modules\Database\DatabaseManager.hpp">
      <Filter>Header Files</Filter>
    </ClInclude>
    <ClInclude Include="src\Shared_modules\Database\LogDB.hpp">
      <Filter>Header Files</Filter>
    </ClInclude>
    <ClInclude Include="src\Shared_modules\Database\QuarantineDB.hpp">
      <Filter>Header Files</Filter>
    </ClInclude>
    <ClInclude Include="src\Shared_modules\HashStore\HashStore.hpp">
      <Filter>Header Files</Filter>
    </ClInclude>
    <ClInclude Include="src\Shared_modules\PatternStore\PatternStore.hpp">
      <Filter>Header Files</Filter>
    </ClInclude>
    <ClInclude Include="src\Shared_modules\Performance\CPUMonitor.hpp">
      <Filter>Header Files</Filter>
    </ClInclude>
    <ClInclude Include="src\Shared_modules\Performance\DiskMonitor.hpp">
      <Filter>Header Files</Filter>
    </ClInclude>
    <ClInclude Include="src\Shared_modules\Performance\MemoryProfiler.hpp">
      <Filter>Header Files</Filter>
    </ClInclude>
    <ClInclude Include="src\Shared_modules\Performance\NetworkPerformanceMonitor.hpp">
      <Filter>Header Files</Filter>
    </ClInclude>
    <ClInclude Include="src\Shared_modules\Performance\PerformanceProfiler.hpp">
      <Filter>Header Files</Filter>
    </ClInclude>
    <ClInclude Include="src\Shared_modules\Service\AntivirusService.hpp">
      <Filter>Header Files</Filter>
    </ClInclude>
    <ClInclude Include="src\Shared_modules\Service\ServiceCommunicator.hpp">
      <Filter>Header Files</Filter>
    </ClInclude>
    <ClInclude Include="src\Shared_modules\Service\ServiceController.hpp">
      <Filter>Header Files</Filter>
    </ClInclude>
    <ClInclude Include="src\Shared_modules\Service\ServiceInstaller.hpp">
      <Filter>Header Files</Filter>
    </ClInclude>
    <ClInclude Include="src\Shared_modules\Service\ServiceMonitor.hpp">
      <Filter>Header Files</Filter>
    </ClInclude>
    <ClInclude Include="src\Shared_modules\SignatureStore\pragma_pack.h">
      <Filter>Header Files</Filter>
    </ClInclude>
    <ClInclude Include="src\Shared_modules\SignatureStore\SignatureBuilder.hpp">
      <Filter>Header Files</Filter>
    </ClInclude>
    <ClInclude Include="src\Shared_modules\SignatureStore\SignatureFormat.hpp">
      <Filter>Header Files</Filter>
    </ClInclude>
    <ClInclude Include="src\Shared_modules\SignatureStore\SignatureIndex.hpp">
      <Filter>Header Files</Filter>
    </ClInclude>
    <ClInclude Include="src\Shared_modules\SignatureStore\SignatureStore.hpp">
      <Filter>Header Files</Filter>
    </ClInclude>
    <ClInclude Include="src\Shared_modules\SignatureStore\YaraRuleStore.hpp">
      <Filter>Header Files</Filter>
    </ClInclude>
    <ClInclude Include="src\Shared_modules\ThreatIntel\ReputationCache.hpp">
      <Filter>Header Files</Filter>
    </ClInclude>
    <ClInclude Include="src\Shared_modules\ThreatIntel\ThreatIntelDatabase.hpp">
      <Filter>Header Files</Filter>
    </ClInclude>
    <ClInclude Include="src\Shared_modules\ThreatIntel\ThreatIntelExporter.hpp">
      <Filter>Header Files</Filter>
    </ClInclude>
    <ClInclude Include="src\Shared_modules\ThreatIntel\ThreatIntelFeedManager.hpp">
      <Filter>Header Files</Filter>
    </ClInclude>
    <ClInclude Include="src\Shared_modules\ThreatIntel\ThreatIntelFeedManager_Util.hpp">
      <Filter>Header Files</Filter>
    </ClInclude>
    <ClInclude Include="src\Shared_modules\ThreatIntel\ThreatIntelFormat.hpp">
      <Filter>Header Files</Filter>
    </ClInclude>
    <ClInclude Include="src\Shared_modules\ThreatIntel\ThreatIntelImporter.hpp">
      <Filter>Header Files</Filter>
    </ClInclude>
    <ClInclude Include="src\Shared_modules\ThreatIntel\ThreatIntelIndex.hpp">
      <Filter>Header Files</Filter>
    </ClInclude>
    <ClInclude Include="src\Shared_modules\ThreatIntel\ThreatIntelIndex_DataStructures.hpp">
      <Filter>Header Files</Filter>
    </ClInclude>
    <ClInclude Include="src\Shared_modules\ThreatIntel\ThreatIntelIndex_Internal.hpp">
      <Filter>Header Files</Filter>
    </ClInclude>
    <ClInclude Include="src\Shared_modules\ThreatIntel\ThreatIntelIndex_LRU.hpp">
      <Filter>Header Files</Filter>
    </ClInclude>
    <ClInclude Include="src\Shared_modules\ThreatIntel\ThreatIntelIndex_Trees.hpp">
      <Filter>Header Files</Filter>
    </ClInclude>
    <ClInclude Include="src\Shared_modules\ThreatIntel\ThreatIntelIndex_URLMatcher.hpp">
      <Filter>Header Files</Filter>
    </ClInclude>
    <ClInclude Include="src\Shared_modules\ThreatIntel\ThreatIntelIOCManager.hpp">
      <Filter>Header Files</Filter>
    </ClInclude>
    <ClInclude Include="src\Shared_modules\ThreatIntel\ThreatIntelLookup.hpp">
      <Filter>Header Files</Filter>
    </ClInclude>
    <ClInclude Include="src\Shared_modules\ThreatIntel\ThreatIntelStore.hpp">
      <Filter>Header Files</Filter>
    </ClInclude>
    <ClInclude Include="src\Shared_modules\Utils\Base64Utils.hpp">
      <Filter>Header Files</Filter>
    </ClInclude>
    <ClInclude Include="src\Shared_modules\Utils\CacheManager.hpp">
      <Filter>Header Files</Filter>
    </ClInclude>
    <ClInclude Include="src\Shared_modules\Utils\CertUtils.hpp">
      <Filter>Header Files</Filter>
    </ClInclude>
    <ClInclude Include="src\Shared_modules\Utils\CompressionUtils.hpp">
      <Filter>Header Files</Filter>
    </ClInclude>
    <ClInclude Include="src\Shared_modules\Utils\CryptoUtils.hpp">
      <Filter>Header Files</Filter>
    </ClInclude>
    <ClInclude Include="src\Shared_modules\Utils\CryptoUtilsCommon.hpp">
      <Filter>Header Files</Filter>
    </ClInclude>
    <ClInclude Include="src\Shared_modules\Utils\FileUtils.hpp">
      <Filter>Header Files</Filter>
    </ClInclude>
    <ClInclude Include="src\Shared_modules\Utils\HashUtils.hpp">
      <Filter>Header Files</Filter>
    </ClInclude>
    <ClInclude Include="src\Shared_modules\Utils\JSONUtils.hpp">
      <Filter>Header Files</Filter>
    </ClInclude>
    <ClInclude Include="src\Shared_modules\Utils\Logger.hpp">
      <Filter>Header Files</Filter>
    </ClInclude>
    <ClInclude Include="src\Shared_modules\Utils\MemoryUtils.hpp">
      <Filter>Header Files</Filter>
    </ClInclude>
    <ClInclude Include="src\Shared_modules\Utils\NetworkUtils.hpp">
      <Filter>Header Files</Filter>
    </ClInclude>
    <ClInclude Include="src\Shared_modules\Utils\PE_sig_verf.hpp">
      <Filter>Header Files</Filter>
    </ClInclude>
    <ClInclude Include="src\Shared_modules\Utils\ProcessUtils.hpp">
      <Filter>Header Files</Filter>
    </ClInclude>
    <ClInclude Include="src\Shared_modules\Utils\RegistryUtils.hpp">
      <Filter>Header Files</Filter>
    </ClInclude>
    <ClInclude Include="src\Shared_modules\Utils\StringUtils.hpp">
      <Filter>Header Files</Filter>
    </ClInclude>
    <ClInclude Include="src\Shared_modules\Utils\SystemUtils.hpp">
      <Filter>Header Files</Filter>
    </ClInclude>
    <ClInclude Include="src\Shared_modules\Utils\ThreadPool.hpp">
      <Filter>Header Files</Filter>
    </ClInclude>
    <ClInclude Include="src\Shared_modules\Utils\ThreadPoolEvents.h">
      <Filter>Header Files</Filter>
    </ClInclude>
    <ClInclude Include="src\Shared_modules\Utils\Timer.hpp">
      <Filter>Header Files</Filter>
    </ClInclude>
    <ClInclude Include="src\Shared_modules\Utils\XMLUtils.hpp">
      <Filter>Header Files</Filter>
    </ClInclude>
    <ClInclude Include="src\Shared_modules\Whitelist\WhiteListFormat.hpp">
      <Filter>Header Files</Filter>
    </ClInclude>
    <ClInclude Include="src\Shared_modules\Whitelist\WhiteListStore.hpp">
      <Filter>Header Files</Filter>
    </ClInclude>
    <ClInclude Include="src\Shared_modules\Communication\AlertSystem.hpp">
      <Filter>Header Files</Filter>
    </ClInclude>
    <ClInclude Include="src\Shared_modules\Communication\Communication.hpp">
      <Filter>Header Files</Filter>
    </ClInclude>
    <ClInclude Include="src\Shared_modules\Communication\FilterConnection.hpp">
      <Filter>Header Files</Filter>
    </ClInclude>
    <ClInclude Include="src\Shared_modules\Communication\IPCManager.hpp">
      <Filter>Header Files</Filter>
    </ClInclude>
    <ClInclude Include="src\Shared_modules\Communication\MessageDispatcher.hpp">
      <Filter>Header Files</Filter>
    </ClInclude>
    <ClInclude Include="src\Shared_modules\Communication\NotificationManager.hpp">
      <Filter>Header Files</Filter>
    </ClInclude>
    <ClInclude Include="src\Shared_modules\Communication\ReportGenerator.hpp">
      <Filter>Header Files</Filter>
    </ClInclude>
    <ClInclude Include="src\Shared_modules\Communication\ServiceCommunication.hpp">
      <Filter>Header Files</Filter>
    </ClInclude>
    <ClInclude Include="src\Shared_modules\Communication\TelemetryCollector.hpp">
      <Filter>Header Files</Filter>
    </ClInclude>
    <ClInclude Include="src\Shared_modules\Communication\ThreatIntelPusher.hpp">
      <Filter>Header Files</Filter>
    </ClInclude>
  </ItemGroup>
  <ItemGroup>
    <MASM Include="src\Shared_modules\AntiEvasion\EnvironmentEvasionDetector_x64.asm">
      <Filter>Source Files</Filter>
    </MASM>
    <MASM Include="src\Shared_modules\AntiEvasion\PackerDetector_x64.asm">
      <Filter>Source Files</Filter>
    </MASM>
    <MASM Include="src\Shared_modules\AntiEvasion\SandboxEvasionDetector_x64.asm">
      <Filter>Source Files</Filter>
    </MASM>
    <MASM Include="src\Shared_modules\AntiEvasion\TimeBasedEvasionDetector_x64.asm">
      <Filter>Source Files</Filter>
    </MASM>
    <MASM Include="src\Shared_modules\AntiEvasion\VMEvasionDetector_x64.asm">
      <Filter>Source Files</Filter>
    </MASM>
    <MASM Include="src\Shared_modules\AntiEvasion\DebuggerEvasionDetector_x64.asm">
      <Filter>Source Files</Filter>
    </MASM>
  </ItemGroup>
</Project>